// !$*UTF8*$!
{
	archiveVersion = 1;
	classes = {
	};
	objectVersion = 46;
	objects = {

/* Begin PBXBuildFile section */
		84EE02DF1C7ED1E50079AAD3 /* main.m in Sources */ = {isa = PBXBuildFile; fileRef = 84EE02DE1C7ED1E50079AAD3 /* main.m */; };
		84EE02E21C7ED1E50079AAD3 /* AppDelegate.m in Sources */ = {isa = PBXBuildFile; fileRef = 84EE02E11C7ED1E50079AAD3 /* AppDelegate.m */; };
		84EE02E51C7ED1E50079AAD3 /* ViewController.m in Sources */ = {isa = PBXBuildFile; fileRef = 84EE02E41C7ED1E50079AAD3 /* ViewController.m */; };
		84EE02E81C7ED1E50079AAD3 /* Main.storyboard in Resources */ = {isa = PBXBuildFile; fileRef = 84EE02E61C7ED1E50079AAD3 /* Main.storyboard */; };
		84EE02EA1C7ED1E50079AAD3 /* Assets.xcassets in Resources */ = {isa = PBXBuildFile; fileRef = 84EE02E91C7ED1E50079AAD3 /* Assets.xcassets */; };
		84EE02ED1C7ED1E50079AAD3 /* LaunchScreen.storyboard in Resources */ = {isa = PBXBuildFile; fileRef = 84EE02EB1C7ED1E50079AAD3 /* LaunchScreen.storyboard */; };
/* End PBXBuildFile section */

/* Begin PBXFileReference section */
		84EE02DA1C7ED1E50079AAD3 /* 04-NURLConnectionDownload.app */ = {isa = PBXFileReference; explicitFileType = wrapper.application; includeInIndex = 0; path = "04-NURLConnectionDownload.app"; sourceTree = BUILT_PRODUCTS_DIR; };
		84EE02DE1C7ED1E50079AAD3 /* main.m */ = {isa = PBXFileReference; lastKnownFileType = sourcecode.c.objc; path = main.m; sourceTree = "<group>"; };
		84EE02E01C7ED1E50079AAD3 /* AppDelegate.h */ = {isa = PBXFileReference; lastKnownFileType = sourcecode.c.h; path = AppDelegate.h; sourceTree = "<group>"; };
		84EE02E11C7ED1E50079AAD3 /* AppDelegate.m */ = {isa = PBXFileReference; lastKnownFileType = sourcecode.c.objc; path = AppDelegate.m; sourceTree = "<group>"; };
		84EE02E31C7ED1E50079AAD3 /* ViewController.h */ = {isa = PBXFileReference; lastKnownFileType = sourcecode.c.h; path = ViewController.h; sourceTree = "<group>"; };
		84EE02E41C7ED1E50079AAD3 /* ViewController.m */ = {isa = PBXFileReference; lastKnownFileType = sourcecode.c.objc; path = ViewController.m; sourceTree = "<group>"; };
		84EE02E71C7ED1E50079AAD3 /* Base */ = {isa = PBXFileReference; lastKnownFileType = file.storyboard; name = Base; path = Base.lproj/Main.storyboard; sourceTree = "<group>"; };
		84EE02E91C7ED1E50079AAD3 /* Assets.xcassets */ = {isa = PBXFileReference; lastKnownFileType = folder.assetcatalog; path = Assets.xcassets; sourceTree = "<group>"; };
		84EE02EC1C7ED1E50079AAD3 /* Base */ = {isa = PBXFileReference; lastKnownFileType = file.storyboard; name = Base; path = Base.lproj/LaunchScreen.storyboard; sourceTree = "<group>"; };
		84EE02EE1C7ED1E50079AAD3 /* Info.plist */ = {isa = PBXFileReference; lastKnownFileType = text.plist.xml; path = Info.plist; sourceTree = "<group>"; };
/* End PBXFileReference section */

/* Begin PBXFrameworksBuildPhase section */
		84EE02D71C7ED1E50079AAD3 /* Frameworks */ = {
			isa = PBXFrameworksBuildPhase;
			buildActionMask = 2147483647;
			files = (
			);
			runOnlyForDeploymentPostprocessing = 0;
		};
/* End PBXFrameworksBuildPhase section */

/* Begin PBXGroup section */
		84EE02D11C7ED1E50079AAD3 = {
			isa = PBXGroup;
			children = (
				84EE02DC1C7ED1E50079AAD3 /* 04-NURLConnectionDownload */,
				84EE02DB1C7ED1E50079AAD3 /* Products */,
			);
			sourceTree = "<group>";
		};
		84EE02DB1C7ED1E50079AAD3 /* Products */ = {
			isa = PBXGroup;
			children = (
				84EE02DA1C7ED1E50079AAD3 /* 04-NURLConnectionDownload.app */,
			);
			name = Products;
			sourceTree = "<group>";
		};
		84EE02DC1C7ED1E50079AAD3 /* 04-NURLConnectionDownload */ = {
			isa = PBXGroup;
			children = (
				84EE02E01C7ED1E50079AAD3 /* AppDelegate.h */,
				84EE02E11C7ED1E50079AAD3 /* AppDelegate.m */,
				84EE02E31C7ED1E50079AAD3 /* ViewController.h */,
				84EE02E41C7ED1E50079AAD3 /* ViewController.m */,
				84EE02E61C7ED1E50079AAD3 /* Main.storyboard */,
				84EE02E91C7ED1E50079AAD3 /* Assets.xcassets */,
				84EE02EB1C7ED1E50079AAD3 /* LaunchScreen.storyboard */,
				84EE02EE1C7ED1E50079AAD3 /* Info.plist */,
				84EE02DD1C7ED1E50079AAD3 /* Supporting Files */,
			);
			path = "04-NURLConnectionDownload";
			sourceTree = "<group>";
		};
		84EE02DD1C7ED1E50079AAD3 /* Supporting Files */ = {
			isa = PBXGroup;
			children = (
				84EE02DE1C7ED1E50079AAD3 /* main.m */,
			);
			name = "Supporting Files";
			sourceTree = "<group>";
		};
/* End PBXGroup section */

/* Begin PBXNativeTarget section */
		84EE02D91C7ED1E50079AAD3 /* 04-NURLConnectionDownload */ = {
			isa = PBXNativeTarget;
			buildConfigurationList = 84EE02F11C7ED1E50079AAD3 /* Build configuration list for PBXNativeTarget "04-NURLConnectionDownload" */;
			buildPhases = (
				84EE02D61C7ED1E50079AAD3 /* Sources */,
				84EE02D71C7ED1E50079AAD3 /* Frameworks */,
				84EE02D81C7ED1E50079AAD3 /* Resources */,
			);
			buildRules = (
			);
			dependencies = (
			);
			name = "04-NURLConnectionDownload";
			productName = "04-NURLConnectionDownload";
			productReference = 84EE02DA1C7ED1E50079AAD3 /* 04-NURLConnectionDownload.app */;
			productType = "com.apple.product-type.application";
		};
/* End PBXNativeTarget section */

/* Begin PBXProject section */
		84EE02D21C7ED1E50079AAD3 /* Project object */ = {
			isa = PBXProject;
			attributes = {
				LastUpgradeCheck = 0720;
				ORGANIZATIONNAME = "夏婷";
				TargetAttributes = {
					84EE02D91C7ED1E50079AAD3 = {
						CreatedOnToolsVersion = 7.2;
						DevelopmentTeam = GZLD6PBZ98;
					};
				};
			};
			buildConfigurationList = 84EE02D51C7ED1E50079AAD3 /* Build configuration list for PBXProject "04-NURLConnectionDownload" */;
			compatibilityVersion = "Xcode 3.2";
			developmentRegion = English;
			hasScannedForEncodings = 0;
			knownRegions = (
				en,
				Base,
			);
			mainGroup = 84EE02D11C7ED1E50079AAD3;
			productRefGroup = 84EE02DB1C7ED1E50079AAD3 /* Products */;
			projectDirPath = "";
			projectRoot = "";
			targets = (
				84EE02D91C7ED1E50079AAD3 /* 04-NURLConnectionDownload */,
			);
		};
/* End PBXProject section */

/* Begin PBXResourcesBuildPhase section */
		84EE02D81C7ED1E50079AAD3 /* Resources */ = {
			isa = PBXResourcesBuildPhase;
			buildActionMask = 2147483647;
			files = (
				84EE02ED1C7ED1E50079AAD3 /* LaunchScreen.storyboard in Resources */,
				84EE02EA1C7ED1E50079AAD3 /* Assets.xcassets in Resources */,
				84EE02E81C7ED1E50079AAD3 /* Main.storyboard in Resources */,
			);
			runOnlyForDeploymentPostprocessing = 0;
		};
/* End PBXResourcesBuildPhase section */

/* Begin PBXSourcesBuildPhase section */
		84EE02D61C7ED1E50079AAD3 /* Sources */ = {
			isa = PBXSourcesBuildPhase;
			buildActionMask = 2147483647;
			files = (
				84EE02E51C7ED1E50079AAD3 /* ViewController.m in Sources */,
				84EE02E21C7ED1E50079AAD3 /* AppDelegate.m in Sources */,
				84EE02DF1C7ED1E50079AAD3 /* main.m in Sources */,
			);
			runOnlyForDeploymentPostprocessing = 0;
		};
/* End PBXSourcesBuildPhase section */

/* Begin PBXVariantGroup section */
		84EE02E61C7ED1E50079AAD3 /* Main.storyboard */ = {
			isa = PBXVariantGroup;
			children = (
				84EE02E71C7ED1E50079AAD3 /* Base */,
			);
			name = Main.storyboard;
			sourceTree = "<group>";
		};
		84EE02EB1C7ED1E50079AAD3 /* LaunchScreen.storyboard */ = {
			isa = PBXVariantGroup;
			children = (
				84EE02EC1C7ED1E50079AAD3 /* Base */,
			);
			name = LaunchScreen.storyboard;
			sourceTree = "<group>";
		};
/* End PBXVariantGroup section */

/* Begin XCBuildConfiguration section */
		84EE02EF1C7ED1E50079AAD3 /* Debug */ = {
			isa = XCBuildConfiguration;
			buildSettings = {
				ALWAYS_SEARCH_USER_PATHS = NO;
				CLANG_CXX_LANGUAGE_STANDARD = "gnu++0x";
				CLANG_CXX_LIBRARY = "libc++";
				CLANG_ENABLE_MODULES = YES;
				CLANG_ENABLE_OBJC_ARC = YES;
				CLANG_WARN_BOOL_CONVERSION = YES;
				CLANG_WARN_CONSTANT_CONVERSION = YES;
				CLANG_WARN_DIRECT_OBJC_ISA_USAGE = YES_ERROR;
				CLANG_WARN_EMPTY_BODY = YES;
				CLANG_WARN_ENUM_CONVERSION = YES;
				CLANG_WARN_INT_CONVERSION = YES;
				CLANG_WARN_OBJC_ROOT_CLASS = YES_ERROR;
				CLANG_WARN_UNREACHABLE_CODE = YES;
				CLANG_WARN__DUPLICATE_METHOD_MATCH = YES;
				"CODE_SIGN_IDENTITY[sdk=iphoneos*]" = "iPhone Developer";
				COPY_PHASE_STRIP = NO;
				DEBUG_INFORMATION_FORMAT = dwarf;
				ENABLE_STRICT_OBJC_MSGSEND = YES;
				ENABLE_TESTABILITY = YES;
				GCC_C_LANGUAGE_STANDARD = gnu99;
				GCC_DYNAMIC_NO_PIC = NO;
				GCC_NO_COMMON_BLOCKS = YES;
				GCC_OPTIMIZATION_LEVEL = 0;
				GCC_PREPROCESSOR_DEFINITIONS = (
					"DEBUG=1",
					"$(inherited)",
				);
				GCC_WARN_64_TO_32_BIT_CONVERSION = YES;
				GCC_WARN_ABOUT_RETURN_TYPE = YES_ERROR;
				GCC_WARN_UNDECLARED_SELECTOR = YES;
				GCC_WARN_UNINITIALIZED_AUTOS = YES_AGGRESSIVE;
				GCC_WARN_UNUSED_FUNCTION = YES;
				GCC_WARN_UNUSED_VARIABLE = YES;
				IPHONEOS_DEPLOYMENT_TARGET = 9.2;
				MTL_ENABLE_DEBUG_INFO = YES;
				ONLY_ACTIVE_ARCH = YES;
				SDKROOT = iphoneos;
			};
			name = Debug;
		};
		84EE02F01C7ED1E50079AAD3 /* Release */ = {
			isa = XCBuildConfiguration;
			buildSettings = {
				ALWAYS_SEARCH_USER_PATHS = NO;
				CLANG_CXX_LANGUAGE_STANDARD = "gnu++0x";
				CLANG_CXX_LIBRARY = "libc++";
				CLANG_ENABLE_MODULES = YES;
				CLANG_ENABLE_OBJC_ARC = YES;
				CLANG_WARN_BOOL_CONVERSION = YES;
				CLANG_WARN_CONSTANT_CONVERSION = YES;
				CLANG_WARN_DIRECT_OBJC_ISA_USAGE = YES_ERROR;
				CLANG_WARN_EMPTY_BODY = YES;
				CLANG_WARN_ENUM_CONVERSION = YES;
				CLANG_WARN_INT_CONVERSION = YES;
				CLANG_WARN_OBJC_ROOT_CLASS = YES_ERROR;
				CLANG_WARN_UNREACHABLE_CODE = YES;
				CLANG_WARN__DUPLICATE_METHOD_MATCH = YES;
				"CODE_SIGN_IDENTITY[sdk=iphoneos*]" = "iPhone Developer";
				COPY_PHASE_STRIP = NO;
				DEBUG_INFORMATION_FORMAT = "dwarf-with-dsym";
				ENABLE_NS_ASSERTIONS = NO;
				ENABLE_STRICT_OBJC_MSGSEND = YES;
				GCC_C_LANGUAGE_STANDARD = gnu99;
				GCC_NO_COMMON_BLOCKS = YES;
				GCC_WARN_64_TO_32_BIT_CONVERSION = YES;
				GCC_WARN_ABOUT_RETURN_TYPE = YES_ERROR;
				GCC_WARN_UNDECLARED_SELECTOR = YES;
				GCC_WARN_UNINITIALIZED_AUTOS = YES_AGGRESSIVE;
				GCC_WARN_UNUSED_FUNCTION = YES;
				GCC_WARN_UNUSED_VARIABLE = YES;
				IPHONEOS_DEPLOYMENT_TARGET = 9.2;
				MTL_ENABLE_DEBUG_INFO = NO;
				SDKROOT = iphoneos;
				VALIDATE_PRODUCT = YES;
			};
			name = Release;
		};
		84EE02F21C7ED1E50079AAD3 /* Debug */ = {
			isa = XCBuildConfiguration;
			buildSettings = {
				ASSETCATALOG_COMPILER_APPICON_NAME = AppIcon;
				CODE_SIGN_IDENTITY = "iPhone Developer";
				INFOPLIST_FILE = "04-NURLConnectionDownload/Info.plist";
				LD_RUNPATH_SEARCH_PATHS = "$(inherited) @executable_path/Frameworks";
				PRODUCT_BUNDLE_IDENTIFIER = "com.QF.-4-NURLConnectionDownload";
				PRODUCT_NAME = "$(TARGET_NAME)";
			};
			name = Debug;
		};
		84EE02F31C7ED1E50079AAD3 /* Release */ = {
			isa = XCBuildConfiguration;
			buildSettings = {
				ASSETCATALOG_COMPILER_APPICON_NAME = AppIcon;
				CODE_SIGN_IDENTITY = "iPhone Developer";
				INFOPLIST_FILE = "04-NURLConnectionDownload/Info.plist";
				LD_RUNPATH_SEARCH_PATHS = "$(inherited) @executable_path/Frameworks";
				PRODUCT_BUNDLE_IDENTIFIER = "com.QF.-4-NURLConnectionDownload";
				PRODUCT_NAME = "$(TARGET_NAME)";
			};
			name = Release;
		};
/* End XCBuildConfiguration section */

/* Begin XCConfigurationList section */
		84EE02D51C7ED1E50079AAD3 /* Build configuration list for PBXProject "04-NURLConnectionDownload" */ = {
			isa = XCConfigurationList;
			buildConfigurations = (
				84EE02EF1C7ED1E50079AAD3 /* Debug */,
				84EE02F01C7ED1E50079AAD3 /* Release */,
			);
			defaultConfigurationIsVisible = 0;
			defaultConfigurationName = Release;
		};
		84EE02F11C7ED1E50079AAD3 /* Build configuration list for PBXNativeTarget "04-NURLConnectionDownload" */ = {
			isa = XCConfigurationList;
			buildConfigurations = (
				84EE02F21C7ED1E50079AAD3 /* Debug */,
				84EE02F31C7ED1E50079AAD3 /* Release */,
			);
			defaultConfigurationIsVisible = 0;
			defaultConfigurationName = Release;
		};
/* End XCConfigurationList section */
	};
	rootObject = 84EE02D21C7ED1E50079AAD3 /* Project object */;
}
